
Microsoft Visual Studio Solution File, Format Version 12.00
# Visual Studio Version 16
VisualStudioVersion = 16.0.29318.209
MinimumVisualStudioVersion = 10.0.40219.1
Project("{9A19103F-16F7-4668-BE54-9A1E7A4F7556}") = "BlazoredDemoApp", "BlazoredDemoApp\BlazoredDemoApp.csproj", "{38E2CEBD-5B26-4F62-9CEF-3549EB385E69}"
EndProject
Global
	GlobalSection(SolutionConfigurationPlatforms) = preSolution
		Debug|Any CPU = Debug|Any CPU
		Release|Any CPU = Release|Any CPU
	EndGlobalSection
	GlobalSection(ProjectConfigurationPlatforms) = postSolution
		{38E2CEBD-5B26-4F62-9CEF-3549EB385E69}.Debug|Any CPU.ActiveCfg = Debug|Any CPU
		{38E2CEBD-5B26-4F62-9CEF-3549EB385E69}.Debug|Any CPU.Build.0 = Debug|Any CPU
		{38E2CEBD-5B26-4F62-9CEF-3549EB385E69}.Release|Any CPU.ActiveCfg = Release|Any CPU
		{38E2CEBD-5B26-4F62-9CEF-3549EB385E69}.Release|Any CPU.Build.0 = Release|Any CPU
	EndGlobalSection
	GlobalSection(SolutionProperties) = preSolution
		HideSolutionNode = FALSE
	EndGlobalSection
	GlobalSection(ExtensibilityGlobals) = postSolution
		SolutionGuid = {4843CF0D-1EA1-46B1-81B2-2942C737EF09}
	EndGlobalSection
EndGlobal
